// !$*UTF8*$!
{
	archiveVersion = 1;
	classes = {
	};
	objectVersion = 46;
	objects = {

/* Begin PBXBuildFile section */
		C0B4425F1EE3A2C8009E3B6B /* AppDelegate.swift in Sources */ = {isa = PBXBuildFile; fileRef = C0B4425E1EE3A2C8009E3B6B /* AppDelegate.swift */; };
		C0B442641EE3A2C8009E3B6B /* Main.storyboard in Resources */ = {isa = PBXBuildFile; fileRef = C0B442621EE3A2C8009E3B6B /* Main.storyboard */; };
		C0B442671EE3A2C8009E3B6B /* DJ_Central.xcdatamodeld in Sources */ = {isa = PBXBuildFile; fileRef = C0B442651EE3A2C8009E3B6B /* DJ_Central.xcdatamodeld */; };
		C0B442691EE3A2C8009E3B6B /* Assets.xcassets in Resources */ = {isa = PBXBuildFile; fileRef = C0B442681EE3A2C8009E3B6B /* Assets.xcassets */; };
		C0B4426C1EE3A2C8009E3B6B /* LaunchScreen.storyboard in Resources */ = {isa = PBXBuildFile; fileRef = C0B4426A1EE3A2C8009E3B6B /* LaunchScreen.storyboard */; };
		C0B442771EE3A2C8009E3B6B /* DJ_CentralTests.swift in Sources */ = {isa = PBXBuildFile; fileRef = C0B442761EE3A2C8009E3B6B /* DJ_CentralTests.swift */; };
		C0B442821EE3A2C8009E3B6B /* DJ_CentralUITests.swift in Sources */ = {isa = PBXBuildFile; fileRef = C0B442811EE3A2C8009E3B6B /* DJ_CentralUITests.swift */; };
		F21861DB1EE4F9EE009F6CE1 /* NowPlayingViewController.swift in Sources */ = {isa = PBXBuildFile; fileRef = F21861DA1EE4F9EE009F6CE1 /* NowPlayingViewController.swift */; };
		F21861DC1EE4FF75009F6CE1 /* eurof55.ttf in Resources */ = {isa = PBXBuildFile; fileRef = F21861D41EE4DC38009F6CE1 /* eurof55.ttf */; };
		F21861DD1EE4FF75009F6CE1 /* eurof35.ttf in Resources */ = {isa = PBXBuildFile; fileRef = F21861D51EE4DC38009F6CE1 /* eurof35.ttf */; };
		F21861DE1EE4FF75009F6CE1 /* eurof36.ttf in Resources */ = {isa = PBXBuildFile; fileRef = F21861D31EE4DC38009F6CE1 /* eurof36.ttf */; };
		F21861DF1EE4FF75009F6CE1 /* eurof56.ttf in Resources */ = {isa = PBXBuildFile; fileRef = F21861D71EE4DC38009F6CE1 /* eurof56.ttf */; };
		F21861E01EE4FF75009F6CE1 /* eurof76.ttf in Resources */ = {isa = PBXBuildFile; fileRef = F21861D61EE4DC38009F6CE1 /* eurof76.ttf */; };
		F21861E11EE4FF75009F6CE1 /* eurof75.ttf in Resources */ = {isa = PBXBuildFile; fileRef = F21861D81EE4DC38009F6CE1 /* eurof75.ttf */; };
		F21D724F1EEA52B800A6D22F /* MusicQuery.swift in Sources */ = {isa = PBXBuildFile; fileRef = F21D724E1EEA52B800A6D22F /* MusicQuery.swift */; };
		F23104BC1EF5DAA300CB00C4 /* AuthorizationManager.swift in Sources */ = {isa = PBXBuildFile; fileRef = F23104BB1EF5DAA300CB00C4 /* AuthorizationManager.swift */; };
		F23104BE1EF5ED1900CB00C4 /* ImageManager.swift in Sources */ = {isa = PBXBuildFile; fileRef = F23104BD1EF5ED1900CB00C4 /* ImageManager.swift */; };
		F23104C01EF5F00F00CB00C4 /* MediaLibraryManager.swift in Sources */ = {isa = PBXBuildFile; fileRef = F23104BF1EF5F00F00CB00C4 /* MediaLibraryManager.swift */; };
		F2314F0A1EE3AF2B00BED488 /* TabViewController.swift in Sources */ = {isa = PBXBuildFile; fileRef = F2314F091EE3AF2B00BED488 /* TabViewController.swift */; };
		F2314F0E1EE3CAD900BED488 /* ServiceManager.swift in Sources */ = {isa = PBXBuildFile; fileRef = F2314F0D1EE3CAD900BED488 /* ServiceManager.swift */; };
		F2331C471EF5A211000C9682 /* AppleMusicManager.swift in Sources */ = {isa = PBXBuildFile; fileRef = F2331C461EF5A211000C9682 /* AppleMusicManager.swift */; };
		F2331C491EF5A793000C9682 /* MediaItem.swift in Sources */ = {isa = PBXBuildFile; fileRef = F2331C481EF5A793000C9682 /* MediaItem.swift */; };
		F2331C4D1EF5ACC6000C9682 /* AppleMusicRequest.swift in Sources */ = {isa = PBXBuildFile; fileRef = F2331C4C1EF5ACC6000C9682 /* AppleMusicRequest.swift */; };
		F2331C4F1EF5CA60000C9682 /* JSONKeys.swift in Sources */ = {isa = PBXBuildFile; fileRef = F2331C4E1EF5CA60000C9682 /* JSONKeys.swift */; };
		F2331C511EF5CB4F000C9682 /* SerializationError.swift in Sources */ = {isa = PBXBuildFile; fileRef = F2331C501EF5CB4F000C9682 /* SerializationError.swift */; };
		F2331C531EF5CD6B000C9682 /* Artwork.swift in Sources */ = {isa = PBXBuildFile; fileRef = F2331C521EF5CD6B000C9682 /* Artwork.swift */; };
		F24E2A0F1EE9E2D00031FE20 /* MainViewController.swift in Sources */ = {isa = PBXBuildFile; fileRef = F24E2A0E1EE9E2D00031FE20 /* MainViewController.swift */; };
		F24E2A111EE9E8950031FE20 /* HostViewController.swift in Sources */ = {isa = PBXBuildFile; fileRef = F24E2A101EE9E8950031FE20 /* HostViewController.swift */; };
		F25217FC1EFC9DE400C8D991 /* SideRevealViewController.swift in Sources */ = {isa = PBXBuildFile; fileRef = F25217FB1EFC9DE400C8D991 /* SideRevealViewController.swift */; };
		F25217FE1EFC9E1D00C8D991 /* MusicPlayerManager.swift in Sources */ = {isa = PBXBuildFile; fileRef = F25217FD1EFC9E1D00C8D991 /* MusicPlayerManager.swift */; };
		F26B86401EEA849A00638648 /* SongsTableViewCell.swift in Sources */ = {isa = PBXBuildFile; fileRef = F26B863F1EEA849A00638648 /* SongsTableViewCell.swift */; };
		F27DDB571EE838D500F2F46C /* AudioToolbox.framework in Frameworks */ = {isa = PBXBuildFile; fileRef = F27DDB561EE838D500F2F46C /* AudioToolbox.framework */; };
		F280B4EE1EFC6F8800C8F57B /* SearchAppleMusicTableViewCell.swift in Sources */ = {isa = PBXBuildFile; fileRef = F280B4ED1EFC6F8800C8F57B /* SearchAppleMusicTableViewCell.swift */; };
		F280B4F01EFC786300C8F57B /* SearchAppleMusicTableViewController.swift in Sources */ = {isa = PBXBuildFile; fileRef = F280B4EF1EFC786300C8F57B /* SearchAppleMusicTableViewController.swift */; };
		F2F74F841EF036080023F9E9 /* MenuViewController.swift in Sources */ = {isa = PBXBuildFile; fileRef = F2F74F831EF036080023F9E9 /* MenuViewController.swift */; };
		F2F750DC1EED836D0015F5A0 /* LibraryViewController.swift in Sources */ = {isa = PBXBuildFile; fileRef = F2F750DB1EED836D0015F5A0 /* LibraryViewController.swift */; };
		F2F750DE1EED871F0015F5A0 /* LibraryTableViewCell.swift in Sources */ = {isa = PBXBuildFile; fileRef = F2F750DD1EED871F0015F5A0 /* LibraryTableViewCell.swift */; };
/* End PBXBuildFile section */

/* Begin PBXContainerItemProxy section */
		C0B442731EE3A2C8009E3B6B /* PBXContainerItemProxy */ = {
			isa = PBXContainerItemProxy;
			containerPortal = C0B442531EE3A2C8009E3B6B /* Project object */;
			proxyType = 1;
			remoteGlobalIDString = C0B4425A1EE3A2C8009E3B6B;
			remoteInfo = "DJ Central";
		};
		C0B4427E1EE3A2C8009E3B6B /* PBXContainerItemProxy */ = {
			isa = PBXContainerItemProxy;
			containerPortal = C0B442531EE3A2C8009E3B6B /* Project object */;
			proxyType = 1;
			remoteGlobalIDString = C0B4425A1EE3A2C8009E3B6B;
			remoteInfo = "DJ Central";
		};
/* End PBXContainerItemProxy section */

/* Begin PBXFileReference section */
		C0B4425B1EE3A2C8009E3B6B /* DJ Central.app */ = {isa = PBXFileReference; explicitFileType = wrapper.application; includeInIndex = 0; path = "DJ Central.app"; sourceTree = BUILT_PRODUCTS_DIR; };
		C0B4425E1EE3A2C8009E3B6B /* AppDelegate.swift */ = {isa = PBXFileReference; lastKnownFileType = sourcecode.swift; path = AppDelegate.swift; sourceTree = "<group>"; };
		C0B442631EE3A2C8009E3B6B /* Base */ = {isa = PBXFileReference; lastKnownFileType = file.storyboard; name = Base; path = Base.lproj/Main.storyboard; sourceTree = "<group>"; };
		C0B442661EE3A2C8009E3B6B /* DJ_Central.xcdatamodel */ = {isa = PBXFileReference; lastKnownFileType = wrapper.xcdatamodel; path = DJ_Central.xcdatamodel; sourceTree = "<group>"; };
		C0B442681EE3A2C8009E3B6B /* Assets.xcassets */ = {isa = PBXFileReference; lastKnownFileType = folder.assetcatalog; path = Assets.xcassets; sourceTree = "<group>"; };
		C0B4426B1EE3A2C8009E3B6B /* Base */ = {isa = PBXFileReference; lastKnownFileType = file.storyboard; name = Base; path = Base.lproj/LaunchScreen.storyboard; sourceTree = "<group>"; };
		C0B4426D1EE3A2C8009E3B6B /* Info.plist */ = {isa = PBXFileReference; lastKnownFileType = text.plist.xml; path = Info.plist; sourceTree = "<group>"; };
		C0B442721EE3A2C8009E3B6B /* DJ CentralTests.xctest */ = {isa = PBXFileReference; explicitFileType = wrapper.cfbundle; includeInIndex = 0; path = "DJ CentralTests.xctest"; sourceTree = BUILT_PRODUCTS_DIR; };
		C0B442761EE3A2C8009E3B6B /* DJ_CentralTests.swift */ = {isa = PBXFileReference; lastKnownFileType = sourcecode.swift; path = DJ_CentralTests.swift; sourceTree = "<group>"; };
		C0B442781EE3A2C8009E3B6B /* Info.plist */ = {isa = PBXFileReference; lastKnownFileType = text.plist.xml; path = Info.plist; sourceTree = "<group>"; };
		C0B4427D1EE3A2C8009E3B6B /* DJ CentralUITests.xctest */ = {isa = PBXFileReference; explicitFileType = wrapper.cfbundle; includeInIndex = 0; path = "DJ CentralUITests.xctest"; sourceTree = BUILT_PRODUCTS_DIR; };
		C0B442811EE3A2C8009E3B6B /* DJ_CentralUITests.swift */ = {isa = PBXFileReference; lastKnownFileType = sourcecode.swift; path = DJ_CentralUITests.swift; sourceTree = "<group>"; };
		C0B442831EE3A2C8009E3B6B /* Info.plist */ = {isa = PBXFileReference; lastKnownFileType = text.plist.xml; path = Info.plist; sourceTree = "<group>"; };
		F21861D31EE4DC38009F6CE1 /* eurof36.ttf */ = {isa = PBXFileReference; lastKnownFileType = file; path = eurof36.ttf; sourceTree = "<group>"; };
		F21861D41EE4DC38009F6CE1 /* eurof55.ttf */ = {isa = PBXFileReference; lastKnownFileType = file; path = eurof55.ttf; sourceTree = "<group>"; };
		F21861D51EE4DC38009F6CE1 /* eurof35.ttf */ = {isa = PBXFileReference; lastKnownFileType = file; path = eurof35.ttf; sourceTree = "<group>"; };
		F21861D61EE4DC38009F6CE1 /* eurof76.ttf */ = {isa = PBXFileReference; lastKnownFileType = file; path = eurof76.ttf; sourceTree = "<group>"; };
		F21861D71EE4DC38009F6CE1 /* eurof56.ttf */ = {isa = PBXFileReference; lastKnownFileType = file; path = eurof56.ttf; sourceTree = "<group>"; };
		F21861D81EE4DC38009F6CE1 /* eurof75.ttf */ = {isa = PBXFileReference; lastKnownFileType = file; path = eurof75.ttf; sourceTree = "<group>"; };
		F21861DA1EE4F9EE009F6CE1 /* NowPlayingViewController.swift */ = {isa = PBXFileReference; fileEncoding = 4; lastKnownFileType = sourcecode.swift; path = NowPlayingViewController.swift; sourceTree = "<group>"; };
		F21D724E1EEA52B800A6D22F /* MusicQuery.swift */ = {isa = PBXFileReference; fileEncoding = 4; lastKnownFileType = sourcecode.swift; path = MusicQuery.swift; sourceTree = "<group>"; };
		F23104BB1EF5DAA300CB00C4 /* AuthorizationManager.swift */ = {isa = PBXFileReference; lastKnownFileType = sourcecode.swift; path = AuthorizationManager.swift; sourceTree = "<group>"; };
		F23104BD1EF5ED1900CB00C4 /* ImageManager.swift */ = {isa = PBXFileReference; lastKnownFileType = sourcecode.swift; path = ImageManager.swift; sourceTree = "<group>"; };
		F23104BF1EF5F00F00CB00C4 /* MediaLibraryManager.swift */ = {isa = PBXFileReference; lastKnownFileType = sourcecode.swift; path = MediaLibraryManager.swift; sourceTree = "<group>"; };
		F2314F091EE3AF2B00BED488 /* TabViewController.swift */ = {isa = PBXFileReference; fileEncoding = 4; lastKnownFileType = sourcecode.swift; path = TabViewController.swift; sourceTree = "<group>"; };
		F2314F0D1EE3CAD900BED488 /* ServiceManager.swift */ = {isa = PBXFileReference; fileEncoding = 4; lastKnownFileType = sourcecode.swift; path = ServiceManager.swift; sourceTree = "<group>"; };
		F2331C461EF5A211000C9682 /* AppleMusicManager.swift */ = {isa = PBXFileReference; lastKnownFileType = sourcecode.swift; path = AppleMusicManager.swift; sourceTree = "<group>"; };
		F2331C481EF5A793000C9682 /* MediaItem.swift */ = {isa = PBXFileReference; lastKnownFileType = sourcecode.swift; path = MediaItem.swift; sourceTree = "<group>"; };
		F2331C4C1EF5ACC6000C9682 /* AppleMusicRequest.swift */ = {isa = PBXFileReference; lastKnownFileType = sourcecode.swift; path = AppleMusicRequest.swift; sourceTree = "<group>"; };
		F2331C4E1EF5CA60000C9682 /* JSONKeys.swift */ = {isa = PBXFileReference; lastKnownFileType = sourcecode.swift; path = JSONKeys.swift; sourceTree = "<group>"; };
		F2331C501EF5CB4F000C9682 /* SerializationError.swift */ = {isa = PBXFileReference; lastKnownFileType = sourcecode.swift; path = SerializationError.swift; sourceTree = "<group>"; };
		F2331C521EF5CD6B000C9682 /* Artwork.swift */ = {isa = PBXFileReference; lastKnownFileType = sourcecode.swift; path = Artwork.swift; sourceTree = "<group>"; };
		F24E2A0E1EE9E2D00031FE20 /* MainViewController.swift */ = {isa = PBXFileReference; fileEncoding = 4; lastKnownFileType = sourcecode.swift; path = MainViewController.swift; sourceTree = "<group>"; };
		F24E2A101EE9E8950031FE20 /* HostViewController.swift */ = {isa = PBXFileReference; fileEncoding = 4; lastKnownFileType = sourcecode.swift; path = HostViewController.swift; sourceTree = "<group>"; };
		F25217FB1EFC9DE400C8D991 /* SideRevealViewController.swift */ = {isa = PBXFileReference; fileEncoding = 4; lastKnownFileType = sourcecode.swift; name = SideRevealViewController.swift; path = ../../Desktop/SideRevealViewController.swift; sourceTree = "<group>"; };
		F25217FD1EFC9E1D00C8D991 /* MusicPlayerManager.swift */ = {isa = PBXFileReference; fileEncoding = 4; lastKnownFileType = sourcecode.swift; name = MusicPlayerManager.swift; path = ../../Desktop/MusicPlayerManager.swift; sourceTree = "<group>"; };
		F26B863F1EEA849A00638648 /* SongsTableViewCell.swift */ = {isa = PBXFileReference; fileEncoding = 4; lastKnownFileType = sourcecode.swift; path = SongsTableViewCell.swift; sourceTree = "<group>"; };
		F27DDB541EE838D500F2F46C /* DJ Central.entitlements */ = {isa = PBXFileReference; lastKnownFileType = text.plist.entitlements; path = "DJ Central.entitlements"; sourceTree = "<group>"; };
		F27DDB561EE838D500F2F46C /* AudioToolbox.framework */ = {isa = PBXFileReference; lastKnownFileType = wrapper.framework; name = AudioToolbox.framework; path = System/Library/Frameworks/AudioToolbox.framework; sourceTree = SDKROOT; };
		F280B4ED1EFC6F8800C8F57B /* SearchAppleMusicTableViewCell.swift */ = {isa = PBXFileReference; lastKnownFileType = sourcecode.swift; path = SearchAppleMusicTableViewCell.swift; sourceTree = "<group>"; };
		F280B4EF1EFC786300C8F57B /* SearchAppleMusicTableViewController.swift */ = {isa = PBXFileReference; lastKnownFileType = sourcecode.swift; path = SearchAppleMusicTableViewController.swift; sourceTree = "<group>"; };
		F2F74F831EF036080023F9E9 /* MenuViewController.swift */ = {isa = PBXFileReference; lastKnownFileType = sourcecode.swift; path = MenuViewController.swift; sourceTree = "<group>"; };
		F2F750DB1EED836D0015F5A0 /* LibraryViewController.swift */ = {isa = PBXFileReference; lastKnownFileType = sourcecode.swift; path = LibraryViewController.swift; sourceTree = "<group>"; };
		F2F750DD1EED871F0015F5A0 /* LibraryTableViewCell.swift */ = {isa = PBXFileReference; lastKnownFileType = sourcecode.swift; path = LibraryTableViewCell.swift; sourceTree = "<group>"; };
/* End PBXFileReference section */

/* Begin PBXFrameworksBuildPhase section */
		C0B442581EE3A2C8009E3B6B /* Frameworks */ = {
			isa = PBXFrameworksBuildPhase;
			buildActionMask = 2147483647;
			files = (
				F27DDB571EE838D500F2F46C /* AudioToolbox.framework in Frameworks */,
			);
			runOnlyForDeploymentPostprocessing = 0;
		};
		C0B4426F1EE3A2C8009E3B6B /* Frameworks */ = {
			isa = PBXFrameworksBuildPhase;
			buildActionMask = 2147483647;
			files = (
			);
			runOnlyForDeploymentPostprocessing = 0;
		};
		C0B4427A1EE3A2C8009E3B6B /* Frameworks */ = {
			isa = PBXFrameworksBuildPhase;
			buildActionMask = 2147483647;
			files = (
			);
			runOnlyForDeploymentPostprocessing = 0;
		};
/* End PBXFrameworksBuildPhase section */

/* Begin PBXGroup section */
		C0B442521EE3A2C8009E3B6B = {
			isa = PBXGroup;
			children = (
				C0B4425D1EE3A2C8009E3B6B /* DJ Central */,
				C0B442751EE3A2C8009E3B6B /* DJ CentralTests */,
				C0B442801EE3A2C8009E3B6B /* DJ CentralUITests */,
				C0B4425C1EE3A2C8009E3B6B /* Products */,
				F21861D91EE4DC51009F6CE1 /* Fonts */,
				F27DDB551EE838D500F2F46C /* Frameworks */,
			);
			sourceTree = "<group>";
		};
		C0B4425C1EE3A2C8009E3B6B /* Products */ = {
			isa = PBXGroup;
			children = (
				C0B4425B1EE3A2C8009E3B6B /* DJ Central.app */,
				C0B442721EE3A2C8009E3B6B /* DJ CentralTests.xctest */,
				C0B4427D1EE3A2C8009E3B6B /* DJ CentralUITests.xctest */,
			);
			name = Products;
			sourceTree = "<group>";
		};
		C0B4425D1EE3A2C8009E3B6B /* DJ Central */ = {
			isa = PBXGroup;
			children = (
				F27DDB541EE838D500F2F46C /* DJ Central.entitlements */,
				C0B4425E1EE3A2C8009E3B6B /* AppDelegate.swift */,
				F21861DA1EE4F9EE009F6CE1 /* NowPlayingViewController.swift */,
				F21D724E1EEA52B800A6D22F /* MusicQuery.swift */,
				F25217FB1EFC9DE400C8D991 /* SideRevealViewController.swift */,
				F23104B91EF5D86800CB00C4 /* Utilities */,
				F2331C4A1EF5A885000C9682 /* Managers */,
				F23104BA1EF5D89B00CB00C4 /* Model */,
				F2331C4B1EF5A8A2000C9682 /* Views */,
				C0B442621EE3A2C8009E3B6B /* Main.storyboard */,
				F26B863F1EEA849A00638648 /* SongsTableViewCell.swift */,
				C0B442681EE3A2C8009E3B6B /* Assets.xcassets */,
				C0B4426A1EE3A2C8009E3B6B /* LaunchScreen.storyboard */,
				C0B4426D1EE3A2C8009E3B6B /* Info.plist */,
				F2314F091EE3AF2B00BED488 /* TabViewController.swift */,
				C0B442651EE3A2C8009E3B6B /* DJ_Central.xcdatamodeld */,
			);
			path = "DJ Central";
			sourceTree = "<group>";
		};
		C0B442751EE3A2C8009E3B6B /* DJ CentralTests */ = {
			isa = PBXGroup;
			children = (
				C0B442761EE3A2C8009E3B6B /* DJ_CentralTests.swift */,
				C0B442781EE3A2C8009E3B6B /* Info.plist */,
			);
			path = "DJ CentralTests";
			sourceTree = "<group>";
		};
		C0B442801EE3A2C8009E3B6B /* DJ CentralUITests */ = {
			isa = PBXGroup;
			children = (
				C0B442811EE3A2C8009E3B6B /* DJ_CentralUITests.swift */,
				C0B442831EE3A2C8009E3B6B /* Info.plist */,
			);
			path = "DJ CentralUITests";
			sourceTree = "<group>";
		};
		F21861D91EE4DC51009F6CE1 /* Fonts */ = {
			isa = PBXGroup;
			children = (
				F21861D41EE4DC38009F6CE1 /* eurof55.ttf */,
				F21861D51EE4DC38009F6CE1 /* eurof35.ttf */,
				F21861D31EE4DC38009F6CE1 /* eurof36.ttf */,
				F21861D71EE4DC38009F6CE1 /* eurof56.ttf */,
				F21861D61EE4DC38009F6CE1 /* eurof76.ttf */,
				F21861D81EE4DC38009F6CE1 /* eurof75.ttf */,
			);
			name = Fonts;
			sourceTree = "<group>";
		};
		F23104B91EF5D86800CB00C4 /* Utilities */ = {
			isa = PBXGroup;
			children = (
				F2331C4C1EF5ACC6000C9682 /* AppleMusicRequest.swift */,
				F2331C4E1EF5CA60000C9682 /* JSONKeys.swift */,
			);
			name = Utilities;
			sourceTree = "<group>";
		};
		F23104BA1EF5D89B00CB00C4 /* Model */ = {
			isa = PBXGroup;
			children = (
				F2331C481EF5A793000C9682 /* MediaItem.swift */,
				F2331C521EF5CD6B000C9682 /* Artwork.swift */,
				F2331C501EF5CB4F000C9682 /* SerializationError.swift */,
			);
			name = Model;
			sourceTree = "<group>";
		};
		F2331C4A1EF5A885000C9682 /* Managers */ = {
			isa = PBXGroup;
			children = (
				F2331C461EF5A211000C9682 /* AppleMusicManager.swift */,
				F23104BB1EF5DAA300CB00C4 /* AuthorizationManager.swift */,
				F2314F0D1EE3CAD900BED488 /* ServiceManager.swift */,
				F23104BD1EF5ED1900CB00C4 /* ImageManager.swift */,
				F25217FD1EFC9E1D00C8D991 /* MusicPlayerManager.swift */,
				F23104BF1EF5F00F00CB00C4 /* MediaLibraryManager.swift */,
			);
			name = Managers;
			sourceTree = "<group>";
		};
		F2331C4B1EF5A8A2000C9682 /* Views */ = {
			isa = PBXGroup;
			children = (
				F24E2A0E1EE9E2D00031FE20 /* MainViewController.swift */,
				F2F750DB1EED836D0015F5A0 /* LibraryViewController.swift */,
				F2F74F831EF036080023F9E9 /* MenuViewController.swift */,
				F24E2A101EE9E8950031FE20 /* HostViewController.swift */,
				F280B4EF1EFC786300C8F57B /* SearchAppleMusicTableViewController.swift */,
				F280B4ED1EFC6F8800C8F57B /* SearchAppleMusicTableViewCell.swift */,
				F2F750DD1EED871F0015F5A0 /* LibraryTableViewCell.swift */,
			);
			name = Views;
			sourceTree = "<group>";
		};
		F27DDB551EE838D500F2F46C /* Frameworks */ = {
			isa = PBXGroup;
			children = (
				F27DDB561EE838D500F2F46C /* AudioToolbox.framework */,
			);
			name = Frameworks;
			sourceTree = "<group>";
		};
/* End PBXGroup section */

/* Begin PBXNativeTarget section */
		C0B4425A1EE3A2C8009E3B6B /* DJ Central */ = {
			isa = PBXNativeTarget;
			buildConfigurationList = C0B442861EE3A2C8009E3B6B /* Build configuration list for PBXNativeTarget "DJ Central" */;
			buildPhases = (
				C0B442571EE3A2C8009E3B6B /* Sources */,
				C0B442581EE3A2C8009E3B6B /* Frameworks */,
				C0B442591EE3A2C8009E3B6B /* Resources */,
			);
			buildRules = (
			);
			dependencies = (
			);
			name = "DJ Central";
			productName = "DJ Central";
			productReference = C0B4425B1EE3A2C8009E3B6B /* DJ Central.app */;
			productType = "com.apple.product-type.application";
		};
		C0B442711EE3A2C8009E3B6B /* DJ CentralTests */ = {
			isa = PBXNativeTarget;
			buildConfigurationList = C0B442891EE3A2C8009E3B6B /* Build configuration list for PBXNativeTarget "DJ CentralTests" */;
			buildPhases = (
				C0B4426E1EE3A2C8009E3B6B /* Sources */,
				C0B4426F1EE3A2C8009E3B6B /* Frameworks */,
				C0B442701EE3A2C8009E3B6B /* Resources */,
			);
			buildRules = (
			);
			dependencies = (
				C0B442741EE3A2C8009E3B6B /* PBXTargetDependency */,
			);
			name = "DJ CentralTests";
			productName = "DJ CentralTests";
			productReference = C0B442721EE3A2C8009E3B6B /* DJ CentralTests.xctest */;
			productType = "com.apple.product-type.bundle.unit-test";
		};
		C0B4427C1EE3A2C8009E3B6B /* DJ CentralUITests */ = {
			isa = PBXNativeTarget;
			buildConfigurationList = C0B4428C1EE3A2C8009E3B6B /* Build configuration list for PBXNativeTarget "DJ CentralUITests" */;
			buildPhases = (
				C0B442791EE3A2C8009E3B6B /* Sources */,
				C0B4427A1EE3A2C8009E3B6B /* Frameworks */,
				C0B4427B1EE3A2C8009E3B6B /* Resources */,
			);
			buildRules = (
			);
			dependencies = (
				C0B4427F1EE3A2C8009E3B6B /* PBXTargetDependency */,
			);
			name = "DJ CentralUITests";
			productName = "DJ CentralUITests";
			productReference = C0B4427D1EE3A2C8009E3B6B /* DJ CentralUITests.xctest */;
			productType = "com.apple.product-type.bundle.ui-testing";
		};
/* End PBXNativeTarget section */

/* Begin PBXProject section */
		C0B442531EE3A2C8009E3B6B /* Project object */ = {
			isa = PBXProject;
			attributes = {
				LastSwiftUpdateCheck = 0830;
				LastUpgradeCheck = 0900;
				ORGANIZATIONNAME = "Joseph Thompson";
				TargetAttributes = {
					C0B4425A1EE3A2C8009E3B6B = {
						CreatedOnToolsVersion = 8.3.2;
						DevelopmentTeam = SWZ7G84L24;
						LastSwiftMigration = 0900;
						ProvisioningStyle = Automatic;
						SystemCapabilities = {
							com.apple.BackgroundModes = {
								enabled = 1;
							};
							com.apple.InterAppAudio = {
								enabled = 1;
							};
							com.apple.Push = {
								enabled = 1;
							};
							com.apple.iCloud = {
								enabled = 0;
							};
						};
					};
					C0B442711EE3A2C8009E3B6B = {
						CreatedOnToolsVersion = 8.3.2;
						LastSwiftMigration = 0900;
						ProvisioningStyle = Automatic;
						TestTargetID = C0B4425A1EE3A2C8009E3B6B;
					};
					C0B4427C1EE3A2C8009E3B6B = {
						CreatedOnToolsVersion = 8.3.2;
						LastSwiftMigration = 0900;
						ProvisioningStyle = Automatic;
						TestTargetID = C0B4425A1EE3A2C8009E3B6B;
					};
				};
			};
			buildConfigurationList = C0B442561EE3A2C8009E3B6B /* Build configuration list for PBXProject "DJ Central" */;
			compatibilityVersion = "Xcode 3.2";
			developmentRegion = English;
			hasScannedForEncodings = 0;
			knownRegions = (
				en,
				Base,
			);
			mainGroup = C0B442521EE3A2C8009E3B6B;
			productRefGroup = C0B4425C1EE3A2C8009E3B6B /* Products */;
			projectDirPath = "";
			projectRoot = "";
			targets = (
				C0B4425A1EE3A2C8009E3B6B /* DJ Central */,
				C0B442711EE3A2C8009E3B6B /* DJ CentralTests */,
				C0B4427C1EE3A2C8009E3B6B /* DJ CentralUITests */,
			);
		};
/* End PBXProject section */

/* Begin PBXResourcesBuildPhase section */
		C0B442591EE3A2C8009E3B6B /* Resources */ = {
			isa = PBXResourcesBuildPhase;
			buildActionMask = 2147483647;
			files = (
				F21861E11EE4FF75009F6CE1 /* eurof75.ttf in Resources */,
				C0B4426C1EE3A2C8009E3B6B /* LaunchScreen.storyboard in Resources */,
				C0B442691EE3A2C8009E3B6B /* Assets.xcassets in Resources */,
				F21861DC1EE4FF75009F6CE1 /* eurof55.ttf in Resources */,
				F21861DE1EE4FF75009F6CE1 /* eurof36.ttf in Resources */,
				C0B442641EE3A2C8009E3B6B /* Main.storyboard in Resources */,
				F21861E01EE4FF75009F6CE1 /* eurof76.ttf in Resources */,
				F21861DF1EE4FF75009F6CE1 /* eurof56.ttf in Resources */,
				F21861DD1EE4FF75009F6CE1 /* eurof35.ttf in Resources */,
			);
			runOnlyForDeploymentPostprocessing = 0;
		};
		C0B442701EE3A2C8009E3B6B /* Resources */ = {
			isa = PBXResourcesBuildPhase;
			buildActionMask = 2147483647;
			files = (
			);
			runOnlyForDeploymentPostprocessing = 0;
		};
		C0B4427B1EE3A2C8009E3B6B /* Resources */ = {
			isa = PBXResourcesBuildPhase;
			buildActionMask = 2147483647;
			files = (
			);
			runOnlyForDeploymentPostprocessing = 0;
		};
/* End PBXResourcesBuildPhase section */

/* Begin PBXSourcesBuildPhase section */
		C0B442571EE3A2C8009E3B6B /* Sources */ = {
			isa = PBXSourcesBuildPhase;
			buildActionMask = 2147483647;
			files = (
				F26B86401EEA849A00638648 /* SongsTableViewCell.swift in Sources */,
				F2331C4F1EF5CA60000C9682 /* JSONKeys.swift in Sources */,
				F23104BC1EF5DAA300CB00C4 /* AuthorizationManager.swift in Sources */,
				F25217FE1EFC9E1D00C8D991 /* MusicPlayerManager.swift in Sources */,
				F2F750DC1EED836D0015F5A0 /* LibraryViewController.swift in Sources */,
				F2331C471EF5A211000C9682 /* AppleMusicManager.swift in Sources */,
				F24E2A111EE9E8950031FE20 /* HostViewController.swift in Sources */,
				F2F74F841EF036080023F9E9 /* MenuViewController.swift in Sources */,
				F24E2A0F1EE9E2D00031FE20 /* MainViewController.swift in Sources */,
				F21D724F1EEA52B800A6D22F /* MusicQuery.swift in Sources */,
				F23104BE1EF5ED1900CB00C4 /* ImageManager.swift in Sources */,
				F2331C511EF5CB4F000C9682 /* SerializationError.swift in Sources */,
				F2F750DE1EED871F0015F5A0 /* LibraryTableViewCell.swift in Sources */,
				F2331C531EF5CD6B000C9682 /* Artwork.swift in Sources */,
				F2314F0A1EE3AF2B00BED488 /* TabViewController.swift in Sources */,
				F2331C491EF5A793000C9682 /* MediaItem.swift in Sources */,
				C0B442671EE3A2C8009E3B6B /* DJ_Central.xcdatamodeld in Sources */,
				C0B4425F1EE3A2C8009E3B6B /* AppDelegate.swift in Sources */,
				F280B4EE1EFC6F8800C8F57B /* SearchAppleMusicTableViewCell.swift in Sources */,
				F21861DB1EE4F9EE009F6CE1 /* NowPlayingViewController.swift in Sources */,
				F2331C4D1EF5ACC6000C9682 /* AppleMusicRequest.swift in Sources */,
				F25217FC1EFC9DE400C8D991 /* SideRevealViewController.swift in Sources */,
				F2314F0E1EE3CAD900BED488 /* ServiceManager.swift in Sources */,
				F280B4F01EFC786300C8F57B /* SearchAppleMusicTableViewController.swift in Sources */,
				F23104C01EF5F00F00CB00C4 /* MediaLibraryManager.swift in Sources */,
			);
			runOnlyForDeploymentPostprocessing = 0;
		};
		C0B4426E1EE3A2C8009E3B6B /* Sources */ = {
			isa = PBXSourcesBuildPhase;
			buildActionMask = 2147483647;
			files = (
				C0B442771EE3A2C8009E3B6B /* DJ_CentralTests.swift in Sources */,
			);
			runOnlyForDeploymentPostprocessing = 0;
		};
		C0B442791EE3A2C8009E3B6B /* Sources */ = {
			isa = PBXSourcesBuildPhase;
			buildActionMask = 2147483647;
			files = (
				C0B442821EE3A2C8009E3B6B /* DJ_CentralUITests.swift in Sources */,
			);
			runOnlyForDeploymentPostprocessing = 0;
		};
/* End PBXSourcesBuildPhase section */

/* Begin PBXTargetDependency section */
		C0B442741EE3A2C8009E3B6B /* PBXTargetDependency */ = {
			isa = PBXTargetDependency;
			target = C0B4425A1EE3A2C8009E3B6B /* DJ Central */;
			targetProxy = C0B442731EE3A2C8009E3B6B /* PBXContainerItemProxy */;
		};
		C0B4427F1EE3A2C8009E3B6B /* PBXTargetDependency */ = {
			isa = PBXTargetDependency;
			target = C0B4425A1EE3A2C8009E3B6B /* DJ Central */;
			targetProxy = C0B4427E1EE3A2C8009E3B6B /* PBXContainerItemProxy */;
		};
/* End PBXTargetDependency section */

/* Begin PBXVariantGroup section */
		C0B442621EE3A2C8009E3B6B /* Main.storyboard */ = {
			isa = PBXVariantGroup;
			children = (
				C0B442631EE3A2C8009E3B6B /* Base */,
			);
			name = Main.storyboard;
			sourceTree = "<group>";
		};
		C0B4426A1EE3A2C8009E3B6B /* LaunchScreen.storyboard */ = {
			isa = PBXVariantGroup;
			children = (
				C0B4426B1EE3A2C8009E3B6B /* Base */,
			);
			name = LaunchScreen.storyboard;
			sourceTree = "<group>";
		};
/* End PBXVariantGroup section */

/* Begin XCBuildConfiguration section */
		C0B442841EE3A2C8009E3B6B /* Debug */ = {
			isa = XCBuildConfiguration;
			buildSettings = {
				ALWAYS_SEARCH_USER_PATHS = NO;
				CLANG_ANALYZER_NONNULL = YES;
				CLANG_ANALYZER_NUMBER_OBJECT_CONVERSION = YES_AGGRESSIVE;
				CLANG_CXX_LANGUAGE_STANDARD = "gnu++0x";
				CLANG_CXX_LIBRARY = "libc++";
				CLANG_ENABLE_MODULES = YES;
				CLANG_ENABLE_OBJC_ARC = YES;
				CLANG_WARN_BLOCK_CAPTURE_AUTORELEASING = YES;
				CLANG_WARN_BOOL_CONVERSION = YES;
				CLANG_WARN_COMMA = YES;
				CLANG_WARN_CONSTANT_CONVERSION = YES;
				CLANG_WARN_DIRECT_OBJC_ISA_USAGE = YES_ERROR;
				CLANG_WARN_DOCUMENTATION_COMMENTS = YES;
				CLANG_WARN_EMPTY_BODY = YES;
				CLANG_WARN_ENUM_CONVERSION = YES;
				CLANG_WARN_INFINITE_RECURSION = YES;
				CLANG_WARN_INT_CONVERSION = YES;
				CLANG_WARN_NON_LITERAL_NULL_CONVERSION = YES;
				CLANG_WARN_OBJC_LITERAL_CONVERSION = YES;
				CLANG_WARN_OBJC_ROOT_CLASS = YES_ERROR;
				CLANG_WARN_RANGE_LOOP_ANALYSIS = YES;
				CLANG_WARN_STRICT_PROTOTYPES = YES;
				CLANG_WARN_SUSPICIOUS_MOVE = YES;
				CLANG_WARN_UNREACHABLE_CODE = YES;
				CLANG_WARN__DUPLICATE_METHOD_MATCH = YES;
				"CODE_SIGN_IDENTITY[sdk=iphoneos*]" = "iPhone Developer";
				COPY_PHASE_STRIP = NO;
				DEBUG_INFORMATION_FORMAT = dwarf;
				ENABLE_STRICT_OBJC_MSGSEND = YES;
				ENABLE_TESTABILITY = YES;
				GCC_C_LANGUAGE_STANDARD = gnu99;
				GCC_DYNAMIC_NO_PIC = NO;
				GCC_NO_COMMON_BLOCKS = YES;
				GCC_OPTIMIZATION_LEVEL = 0;
				GCC_PREPROCESSOR_DEFINITIONS = (
					"DEBUG=1",
					"$(inherited)",
				);
				GCC_WARN_64_TO_32_BIT_CONVERSION = YES;
				GCC_WARN_ABOUT_RETURN_TYPE = YES_ERROR;
				GCC_WARN_UNDECLARED_SELECTOR = YES;
				GCC_WARN_UNINITIALIZED_AUTOS = YES_AGGRESSIVE;
				GCC_WARN_UNUSED_FUNCTION = YES;
				GCC_WARN_UNUSED_VARIABLE = YES;
				IPHONEOS_DEPLOYMENT_TARGET = 10.3;
				MTL_ENABLE_DEBUG_INFO = YES;
				ONLY_ACTIVE_ARCH = YES;
				SDKROOT = iphoneos;
				SWIFT_ACTIVE_COMPILATION_CONDITIONS = DEBUG;
				SWIFT_OPTIMIZATION_LEVEL = "-Onone";
				SWIFT_SWIFT3_OBJC_INFERENCE = Off;
				TARGETED_DEVICE_FAMILY = "1,2";
			};
			name = Debug;
		};
		C0B442851EE3A2C8009E3B6B /* Release */ = {
			isa = XCBuildConfiguration;
			buildSettings = {
				ALWAYS_SEARCH_USER_PATHS = NO;
				CLANG_ANALYZER_NONNULL = YES;
				CLANG_ANALYZER_NUMBER_OBJECT_CONVERSION = YES_AGGRESSIVE;
				CLANG_CXX_LANGUAGE_STANDARD = "gnu++0x";
				CLANG_CXX_LIBRARY = "libc++";
				CLANG_ENABLE_MODULES = YES;
				CLANG_ENABLE_OBJC_ARC = YES;
				CLANG_WARN_BLOCK_CAPTURE_AUTORELEASING = YES;
				CLANG_WARN_BOOL_CONVERSION = YES;
				CLANG_WARN_COMMA = YES;
				CLANG_WARN_CONSTANT_CONVERSION = YES;
				CLANG_WARN_DIRECT_OBJC_ISA_USAGE = YES_ERROR;
				CLANG_WARN_DOCUMENTATION_COMMENTS = YES;
				CLANG_WARN_EMPTY_BODY = YES;
				CLANG_WARN_ENUM_CONVERSION = YES;
				CLANG_WARN_INFINITE_RECURSION = YES;
				CLANG_WARN_INT_CONVERSION = YES;
				CLANG_WARN_NON_LITERAL_NULL_CONVERSION = YES;
				CLANG_WARN_OBJC_LITERAL_CONVERSION = YES;
				CLANG_WARN_OBJC_ROOT_CLASS = YES_ERROR;
				CLANG_WARN_RANGE_LOOP_ANALYSIS = YES;
				CLANG_WARN_STRICT_PROTOTYPES = YES;
				CLANG_WARN_SUSPICIOUS_MOVE = YES;
				CLANG_WARN_UNREACHABLE_CODE = YES;
				CLANG_WARN__DUPLICATE_METHOD_MATCH = YES;
				"CODE_SIGN_IDENTITY[sdk=iphoneos*]" = "iPhone Developer";
				COPY_PHASE_STRIP = NO;
				DEBUG_INFORMATION_FORMAT = "dwarf-with-dsym";
				ENABLE_NS_ASSERTIONS = NO;
				ENABLE_STRICT_OBJC_MSGSEND = YES;
				GCC_C_LANGUAGE_STANDARD = gnu99;
				GCC_NO_COMMON_BLOCKS = YES;
				GCC_WARN_64_TO_32_BIT_CONVERSION = YES;
				GCC_WARN_ABOUT_RETURN_TYPE = YES_ERROR;
				GCC_WARN_UNDECLARED_SELECTOR = YES;
				GCC_WARN_UNINITIALIZED_AUTOS = YES_AGGRESSIVE;
				GCC_WARN_UNUSED_FUNCTION = YES;
				GCC_WARN_UNUSED_VARIABLE = YES;
				IPHONEOS_DEPLOYMENT_TARGET = 10.3;
				MTL_ENABLE_DEBUG_INFO = NO;
				SDKROOT = iphoneos;
				SWIFT_OPTIMIZATION_LEVEL = "-Owholemodule";
				SWIFT_SWIFT3_OBJC_INFERENCE = Off;
				TARGETED_DEVICE_FAMILY = "1,2";
				VALIDATE_PRODUCT = YES;
			};
			name = Release;
		};
		C0B442871EE3A2C8009E3B6B /* Debug */ = {
			isa = XCBuildConfiguration;
			buildSettings = {
				ASSETCATALOG_COMPILER_APPICON_NAME = AppIcon;
				CODE_SIGN_ENTITLEMENTS = "DJ Central/DJ Central.entitlements";
				DEVELOPMENT_TEAM = SWZ7G84L24;
				INFOPLIST_FILE = "DJ Central/Info.plist";
				LD_RUNPATH_SEARCH_PATHS = "$(inherited) @executable_path/Frameworks";
				PRODUCT_BUNDLE_IDENTIFIER = "com.jwenterprises.DJ-Central";
				PRODUCT_NAME = "$(TARGET_NAME)";
				SWIFT_SWIFT3_OBJC_INFERENCE = Off;
				SWIFT_VERSION = 4.0;
			};
			name = Debug;
		};
		C0B442881EE3A2C8009E3B6B /* Release */ = {
			isa = XCBuildConfiguration;
			buildSettings = {
				ASSETCATALOG_COMPILER_APPICON_NAME = AppIcon;
				CODE_SIGN_ENTITLEMENTS = "DJ Central/DJ Central.entitlements";
				DEVELOPMENT_TEAM = SWZ7G84L24;
				INFOPLIST_FILE = "DJ Central/Info.plist";
				LD_RUNPATH_SEARCH_PATHS = "$(inherited) @executable_path/Frameworks";
				PRODUCT_BUNDLE_IDENTIFIER = "com.jwenterprises.DJ-Central";
				PRODUCT_NAME = "$(TARGET_NAME)";
				SWIFT_SWIFT3_OBJC_INFERENCE = Off;
				SWIFT_VERSION = 4.0;
			};
			name = Release;
		};
		C0B4428A1EE3A2C8009E3B6B /* Debug */ = {
			isa = XCBuildConfiguration;
			buildSettings = {
				ALWAYS_EMBED_SWIFT_STANDARD_LIBRARIES = YES;
				BUNDLE_LOADER = "$(TEST_HOST)";
				INFOPLIST_FILE = "DJ CentralTests/Info.plist";
				LD_RUNPATH_SEARCH_PATHS = "$(inherited) @executable_path/Frameworks @loader_path/Frameworks";
				PRODUCT_BUNDLE_IDENTIFIER = "com.jwenterprises.DJ-CentralTests";
				PRODUCT_NAME = "$(TARGET_NAME)";
				SWIFT_SWIFT3_OBJC_INFERENCE = On;
				SWIFT_VERSION = 4.0;
				TEST_HOST = "$(BUILT_PRODUCTS_DIR)/DJ Central.app/DJ Central";
			};
			name = Debug;
		};
		C0B4428B1EE3A2C8009E3B6B /* Release */ = {
			isa = XCBuildConfiguration;
			buildSettings = {
				ALWAYS_EMBED_SWIFT_STANDARD_LIBRARIES = YES;
				BUNDLE_LOADER = "$(TEST_HOST)";
				INFOPLIST_FILE = "DJ CentralTests/Info.plist";
				LD_RUNPATH_SEARCH_PATHS = "$(inherited) @executable_path/Frameworks @loader_path/Frameworks";
				PRODUCT_BUNDLE_IDENTIFIER = "com.jwenterprises.DJ-CentralTests";
				PRODUCT_NAME = "$(TARGET_NAME)";
				SWIFT_SWIFT3_OBJC_INFERENCE = On;
				SWIFT_VERSION = 4.0;
				TEST_HOST = "$(BUILT_PRODUCTS_DIR)/DJ Central.app/DJ Central";
			};
			name = Release;
		};
		C0B4428D1EE3A2C8009E3B6B /* Debug */ = {
			isa = XCBuildConfiguration;
			buildSettings = {
				ALWAYS_EMBED_SWIFT_STANDARD_LIBRARIES = YES;
				INFOPLIST_FILE = "DJ CentralUITests/Info.plist";
				LD_RUNPATH_SEARCH_PATHS = "$(inherited) @executable_path/Frameworks @loader_path/Frameworks";
				PRODUCT_BUNDLE_IDENTIFIER = "com.jwenterprises.DJ-CentralUITests";
				PRODUCT_NAME = "$(TARGET_NAME)";
				SWIFT_SWIFT3_OBJC_INFERENCE = On;
				SWIFT_VERSION = 4.0;
				TEST_TARGET_NAME = "DJ Central";
			};
			name = Debug;
		};
		C0B4428E1EE3A2C8009E3B6B /* Release */ = {
			isa = XCBuildConfiguration;
			buildSettings = {
				ALWAYS_EMBED_SWIFT_STANDARD_LIBRARIES = YES;
				INFOPLIST_FILE = "DJ CentralUITests/Info.plist";
				LD_RUNPATH_SEARCH_PATHS = "$(inherited) @executable_path/Frameworks @loader_path/Frameworks";
				PRODUCT_BUNDLE_IDENTIFIER = "com.jwenterprises.DJ-CentralUITests";
				PRODUCT_NAME = "$(TARGET_NAME)";
				SWIFT_SWIFT3_OBJC_INFERENCE = On;
				SWIFT_VERSION = 4.0;
				TEST_TARGET_NAME = "DJ Central";
			};
			name = Release;
		};
/* End XCBuildConfiguration section */

/* Begin XCConfigurationList section */
		C0B442561EE3A2C8009E3B6B /* Build configuration list for PBXProject "DJ Central" */ = {
			isa = XCConfigurationList;
			buildConfigurations = (
				C0B442841EE3A2C8009E3B6B /* Debug */,
				C0B442851EE3A2C8009E3B6B /* Release */,
			);
			defaultConfigurationIsVisible = 0;
			defaultConfigurationName = Release;
		};
		C0B442861EE3A2C8009E3B6B /* Build configuration list for PBXNativeTarget "DJ Central" */ = {
			isa = XCConfigurationList;
			buildConfigurations = (
				C0B442871EE3A2C8009E3B6B /* Debug */,
				C0B442881EE3A2C8009E3B6B /* Release */,
			);
			defaultConfigurationIsVisible = 0;
			defaultConfigurationName = Release;
		};
		C0B442891EE3A2C8009E3B6B /* Build configuration list for PBXNativeTarget "DJ CentralTests" */ = {
			isa = XCConfigurationList;
			buildConfigurations = (
				C0B4428A1EE3A2C8009E3B6B /* Debug */,
				C0B4428B1EE3A2C8009E3B6B /* Release */,
			);
			defaultConfigurationIsVisible = 0;
			defaultConfigurationName = Release;
		};
		C0B4428C1EE3A2C8009E3B6B /* Build configuration list for PBXNativeTarget "DJ CentralUITests" */ = {
			isa = XCConfigurationList;
			buildConfigurations = (
				C0B4428D1EE3A2C8009E3B6B /* Debug */,
				C0B4428E1EE3A2C8009E3B6B /* Release */,
			);
			defaultConfigurationIsVisible = 0;
			defaultConfigurationName = Release;
		};
/* End XCConfigurationList section */

/* Begin XCVersionGroup section */
		C0B442651EE3A2C8009E3B6B /* DJ_Central.xcdatamodeld */ = {
			isa = XCVersionGroup;
			children = (
				C0B442661EE3A2C8009E3B6B /* DJ_Central.xcdatamodel */,
			);
			currentVersion = C0B442661EE3A2C8009E3B6B /* DJ_Central.xcdatamodel */;
			path = DJ_Central.xcdatamodeld;
			sourceTree = "<group>";
			versionGroupType = wrapper.xcdatamodel;
		};
/* End XCVersionGroup section */
	};
	rootObject = C0B442531EE3A2C8009E3B6B /* Project object */;
}
